
Microsoft Visual Studio Solution File, Format Version 12.00
# Visual Studio Version 16
VisualStudioVersion = 16.0.29201.188
MinimumVisualStudioVersion = 10.0.40219.1
Project("{9A19103F-16F7-4668-BE54-9A1E7A4F7556}") = "ArcaneEyeBot", "ArcaneEyeBot\ArcaneEyeBot.csproj", "{86D05E79-F753-4D6F-B678-0E7D86B11737}"
EndProject
Project("{9A19103F-16F7-4668-BE54-9A1E7A4F7556}") = "ArcaneEyeBot.Core", "ArcaneEyeBot.Core\ArcaneEyeBot.Core.csproj", "{44623313-8A10-4B62-942A-A513E2BE0074}"
EndProject
Project("{FAE04EC0-301F-11D3-BF4B-00C04F79EFBC}") = "ArcaneEyeBot.Core.Tests", "ArcaneEyeBot.Core.Tests\ArcaneEyeBot.Core.Tests.csproj", "{F0205F68-65A5-47F0-8473-FBAF61B9F951}"
EndProject
Global
	GlobalSection(SolutionConfigurationPlatforms) = preSolution
		Debug|Any CPU = Debug|Any CPU
		Release|Any CPU = Release|Any CPU
	EndGlobalSection
	GlobalSection(ProjectConfigurationPlatforms) = postSolution
		{86D05E79-F753-4D6F-B678-0E7D86B11737}.Debug|Any CPU.ActiveCfg = Debug|Any CPU
		{86D05E79-F753-4D6F-B678-0E7D86B11737}.Debug|Any CPU.Build.0 = Debug|Any CPU
		{86D05E79-F753-4D6F-B678-0E7D86B11737}.Release|Any CPU.ActiveCfg = Release|Any CPU
		{86D05E79-F753-4D6F-B678-0E7D86B11737}.Release|Any CPU.Build.0 = Release|Any CPU
		{44623313-8A10-4B62-942A-A513E2BE0074}.Debug|Any CPU.ActiveCfg = Debug|Any CPU
		{44623313-8A10-4B62-942A-A513E2BE0074}.Debug|Any CPU.Build.0 = Debug|Any CPU
		{44623313-8A10-4B62-942A-A513E2BE0074}.Release|Any CPU.ActiveCfg = Release|Any CPU
		{44623313-8A10-4B62-942A-A513E2BE0074}.Release|Any CPU.Build.0 = Release|Any CPU
		{F0205F68-65A5-47F0-8473-FBAF61B9F951}.Debug|Any CPU.ActiveCfg = Debug|Any CPU
		{F0205F68-65A5-47F0-8473-FBAF61B9F951}.Debug|Any CPU.Build.0 = Debug|Any CPU
		{F0205F68-65A5-47F0-8473-FBAF61B9F951}.Release|Any CPU.ActiveCfg = Release|Any CPU
		{F0205F68-65A5-47F0-8473-FBAF61B9F951}.Release|Any CPU.Build.0 = Release|Any CPU
	EndGlobalSection
	GlobalSection(SolutionProperties) = preSolution
		HideSolutionNode = FALSE
	EndGlobalSection
	GlobalSection(ExtensibilityGlobals) = postSolution
		SolutionGuid = {1975E719-81F5-498C-AAD4-416CCA8BD6CA}
	EndGlobalSection
EndGlobal
